
Microsoft Visual Studio Solution File, Format Version 12.00
# Visual Studio 15
VisualStudioVersion = 15.0.28307.106
MinimumVisualStudioVersion = 10.0.40219.1
Project("{8BC9CEB8-8B4A-11D0-8D11-00A0C91BC942}") = "2d_elastic_Hex-and-Moments", "2d_elastic_Hex-and-Moments\2d_elastic_Hex-and-Moments.vcxproj", "{4E3C1967-664F-4025-AC01-5E40CEDBAF24}"
EndProject
Global
	GlobalSection(SolutionConfigurationPlatforms) = preSolution
		Debug|x64 = Debug|x64
		Debug|x86 = Debug|x86
		Release|x64 = Release|x64
		Release|x86 = Release|x86
	EndGlobalSection
	GlobalSection(ProjectConfigurationPlatforms) = postSolution
		{4E3C1967-664F-4025-AC01-5E40CEDBAF24}.Debug|x64.ActiveCfg = Debug|x64
		{4E3C1967-664F-4025-AC01-5E40CEDBAF24}.Debug|x64.Build.0 = Debug|x64
		{4E3C1967-664F-4025-AC01-5E40CEDBAF24}.Debug|x86.ActiveCfg = Debug|Win32
		{4E3C1967-664F-4025-AC01-5E40CEDBAF24}.Debug|x86.Build.0 = Debug|Win32
		{4E3C1967-664F-4025-AC01-5E40CEDBAF24}.Release|x64.ActiveCfg = Release|x64
		{4E3C1967-664F-4025-AC01-5E40CEDBAF24}.Release|x64.Build.0 = Release|x64
		{4E3C1967-664F-4025-AC01-5E40CEDBAF24}.Release|x86.ActiveCfg = Release|Win32
		{4E3C1967-664F-4025-AC01-5E40CEDBAF24}.Release|x86.Build.0 = Release|Win32
	EndGlobalSection
	GlobalSection(SolutionProperties) = preSolution
		HideSolutionNode = FALSE
	EndGlobalSection
	GlobalSection(ExtensibilityGlobals) = postSolution
		SolutionGuid = {0719DDF0-7D47-493C-82F5-72613C41EC2E}
	EndGlobalSection
EndGlobal
